
Microsoft Visual Studio Solution File, Format Version 12.00
# Visual Studio Version 17
VisualStudioVersion = 17.12.35209.166
MinimumVisualStudioVersion = 10.0.40219.1
Project("{FAE04EC0-301F-11D3-BF4B-00C04F79EFBC}") = "Souq.API", "Souq.API\Souq.API.csproj", "{94B791B0-35AD-432B-905F-47B33EDBB953}"
EndProject
Project("{FAE04EC0-301F-11D3-BF4B-00C04F79EFBC}") = "Souq.Application", "Souq.Application\Souq.Application.csproj", "{B8FC3B58-F4F5-4168-B09E-D6513735F4AE}"
EndProject
Project("{FAE04EC0-301F-11D3-BF4B-00C04F79EFBC}") = "Souq.Presistance", "Souq.Presistance\Souq.Presistance.csproj", "{A31EB820-19B8-492B-8F3F-54D7BC6A3BAD}"
EndProject
Project("{FAE04EC0-301F-11D3-BF4B-00C04F79EFBC}") = "Core", "Core\Core.csproj", "{8787147B-149F-46CD-923B-E0848600EE25}"
EndProject
Project("{FAE04EC0-301F-11D3-BF4B-00C04F79EFBC}") = "Helper", "Helper\Helper.csproj", "{832089D5-29A3-45A1-B947-D6FF49D011A3}"
EndProject
Project("{2150E333-8FDC-42A3-9474-1A3956D46DE8}") = "Shared", "Shared", "{20DB552F-5E44-42AC-BA50-F74204D9F8C3}"
EndProject
Project("{2150E333-8FDC-42A3-9474-1A3956D46DE8}") = "Souq", "Souq", "{B72E22AF-C008-4731-8194-CC6D508C3864}"
EndProject
Global
	GlobalSection(SolutionConfigurationPlatforms) = preSolution
		Debug|Any CPU = Debug|Any CPU
		Release|Any CPU = Release|Any CPU
	EndGlobalSection
	GlobalSection(ProjectConfigurationPlatforms) = postSolution
		{94B791B0-35AD-432B-905F-47B33EDBB953}.Debug|Any CPU.ActiveCfg = Debug|Any CPU
		{94B791B0-35AD-432B-905F-47B33EDBB953}.Debug|Any CPU.Build.0 = Debug|Any CPU
		{94B791B0-35AD-432B-905F-47B33EDBB953}.Release|Any CPU.ActiveCfg = Release|Any CPU
		{94B791B0-35AD-432B-905F-47B33EDBB953}.Release|Any CPU.Build.0 = Release|Any CPU
		{B8FC3B58-F4F5-4168-B09E-D6513735F4AE}.Debug|Any CPU.ActiveCfg = Debug|Any CPU
		{B8FC3B58-F4F5-4168-B09E-D6513735F4AE}.Debug|Any CPU.Build.0 = Debug|Any CPU
		{B8FC3B58-F4F5-4168-B09E-D6513735F4AE}.Release|Any CPU.ActiveCfg = Release|Any CPU
		{B8FC3B58-F4F5-4168-B09E-D6513735F4AE}.Release|Any CPU.Build.0 = Release|Any CPU
		{A31EB820-19B8-492B-8F3F-54D7BC6A3BAD}.Debug|Any CPU.ActiveCfg = Debug|Any CPU
		{A31EB820-19B8-492B-8F3F-54D7BC6A3BAD}.Debug|Any CPU.Build.0 = Debug|Any CPU
		{A31EB820-19B8-492B-8F3F-54D7BC6A3BAD}.Release|Any CPU.ActiveCfg = Release|Any CPU
		{A31EB820-19B8-492B-8F3F-54D7BC6A3BAD}.Release|Any CPU.Build.0 = Release|Any CPU
		{8787147B-149F-46CD-923B-E0848600EE25}.Debug|Any CPU.ActiveCfg = Debug|Any CPU
		{8787147B-149F-46CD-923B-E0848600EE25}.Debug|Any CPU.Build.0 = Debug|Any CPU
		{8787147B-149F-46CD-923B-E0848600EE25}.Release|Any CPU.ActiveCfg = Release|Any CPU
		{8787147B-149F-46CD-923B-E0848600EE25}.Release|Any CPU.Build.0 = Release|Any CPU
		{832089D5-29A3-45A1-B947-D6FF49D011A3}.Debug|Any CPU.ActiveCfg = Debug|Any CPU
		{832089D5-29A3-45A1-B947-D6FF49D011A3}.Debug|Any CPU.Build.0 = Debug|Any CPU
		{832089D5-29A3-45A1-B947-D6FF49D011A3}.Release|Any CPU.ActiveCfg = Release|Any CPU
		{832089D5-29A3-45A1-B947-D6FF49D011A3}.Release|Any CPU.Build.0 = Release|Any CPU
	EndGlobalSection
	GlobalSection(SolutionProperties) = preSolution
		HideSolutionNode = FALSE
	EndGlobalSection
	GlobalSection(NestedProjects) = preSolution
		{94B791B0-35AD-432B-905F-47B33EDBB953} = {B72E22AF-C008-4731-8194-CC6D508C3864}
		{B8FC3B58-F4F5-4168-B09E-D6513735F4AE} = {B72E22AF-C008-4731-8194-CC6D508C3864}
		{A31EB820-19B8-492B-8F3F-54D7BC6A3BAD} = {B72E22AF-C008-4731-8194-CC6D508C3864}
		{8787147B-149F-46CD-923B-E0848600EE25} = {20DB552F-5E44-42AC-BA50-F74204D9F8C3}
		{832089D5-29A3-45A1-B947-D6FF49D011A3} = {20DB552F-5E44-42AC-BA50-F74204D9F8C3}
	EndGlobalSection
	GlobalSection(ExtensibilityGlobals) = postSolution
		SolutionGuid = {5EE05F16-D6B3-4053-9381-AC9AF0F550EE}
	EndGlobalSection
EndGlobal
